// !$*UTF8*$!
{
	archiveVersion = 1;
	classes = {
	};
	objectVersion = 46;
	objects = {

/* Begin PBXBuildFile section */
		D2884B53198BD60500B25288 /* Foundation.framework in Frameworks */ = {isa = PBXBuildFile; fileRef = D2884B52198BD60500B25288 /* Foundation.framework */; };
		D2884B55198BD60500B25288 /* CoreGraphics.framework in Frameworks */ = {isa = PBXBuildFile; fileRef = D2884B54198BD60500B25288 /* CoreGraphics.framework */; };
		D2884B57198BD60500B25288 /* UIKit.framework in Frameworks */ = {isa = PBXBuildFile; fileRef = D2884B56198BD60500B25288 /* UIKit.framework */; };
		D2884B5D198BD60500B25288 /* InfoPlist.strings in Resources */ = {isa = PBXBuildFile; fileRef = D2884B5B198BD60500B25288 /* InfoPlist.strings */; };
		D2884B5F198BD60500B25288 /* main.m in Sources */ = {isa = PBXBuildFile; fileRef = D2884B5E198BD60500B25288 /* main.m */; };
		D2884B63198BD60500B25288 /* UXFAppDelegate.m in Sources */ = {isa = PBXBuildFile; fileRef = D2884B62198BD60500B25288 /* UXFAppDelegate.m */; };
		D2884B66198BD60500B25288 /* Main.storyboard in Resources */ = {isa = PBXBuildFile; fileRef = D2884B64198BD60500B25288 /* Main.storyboard */; };
		D2884B69198BD60500B25288 /* UXFMainViewController.m in Sources */ = {isa = PBXBuildFile; fileRef = D2884B68198BD60500B25288 /* UXFMainViewController.m */; };
		D2884B6C198BD60500B25288 /* UXFFlipsideViewController.m in Sources */ = {isa = PBXBuildFile; fileRef = D2884B6B198BD60500B25288 /* UXFFlipsideViewController.m */; };
		D2884B6E198BD60500B25288 /* Images.xcassets in Resources */ = {isa = PBXBuildFile; fileRef = D2884B6D198BD60500B25288 /* Images.xcassets */; };
		D2884B75198BD60500B25288 /* XCTest.framework in Frameworks */ = {isa = PBXBuildFile; fileRef = D2884B74198BD60500B25288 /* XCTest.framework */; };
		D2884B76198BD60500B25288 /* Foundation.framework in Frameworks */ = {isa = PBXBuildFile; fileRef = D2884B52198BD60500B25288 /* Foundation.framework */; };
		D2884B77198BD60500B25288 /* UIKit.framework in Frameworks */ = {isa = PBXBuildFile; fileRef = D2884B56198BD60500B25288 /* UIKit.framework */; };
		D2884B7F198BD60500B25288 /* InfoPlist.strings in Resources */ = {isa = PBXBuildFile; fileRef = D2884B7D198BD60500B25288 /* InfoPlist.strings */; };
		D2884B81198BD60500B25288 /* CameraSampleTests.m in Sources */ = {isa = PBXBuildFile; fileRef = D2884B80198BD60500B25288 /* CameraSampleTests.m */; };
/* End PBXBuildFile section */

/* Begin PBXContainerItemProxy section */
		D2884B78198BD60500B25288 /* PBXContainerItemProxy */ = {
			isa = PBXContainerItemProxy;
			containerPortal = D2884B47198BD60500B25288 /* Project object */;
			proxyType = 1;
			remoteGlobalIDString = D2884B4E198BD60500B25288;
			remoteInfo = CameraSample;
		};
/* End PBXContainerItemProxy section */

/* Begin PBXFileReference section */
		D2884B4F198BD60500B25288 /* CameraSample.app */ = {isa = PBXFileReference; explicitFileType = wrapper.application; includeInIndex = 0; path = CameraSample.app; sourceTree = BUILT_PRODUCTS_DIR; };
		D2884B52198BD60500B25288 /* Foundation.framework */ = {isa = PBXFileReference; lastKnownFileType = wrapper.framework; name = Foundation.framework; path = System/Library/Frameworks/Foundation.framework; sourceTree = SDKROOT; };
		D2884B54198BD60500B25288 /* CoreGraphics.framework */ = {isa = PBXFileReference; lastKnownFileType = wrapper.framework; name = CoreGraphics.framework; path = System/Library/Frameworks/CoreGraphics.framework; sourceTree = SDKROOT; };
		D2884B56198BD60500B25288 /* UIKit.framework */ = {isa = PBXFileReference; lastKnownFileType = wrapper.framework; name = UIKit.framework; path = System/Library/Frameworks/UIKit.framework; sourceTree = SDKROOT; };
		D2884B5A198BD60500B25288 /* CameraSample-Info.plist */ = {isa = PBXFileReference; lastKnownFileType = text.plist.xml; path = "CameraSample-Info.plist"; sourceTree = "<group>"; };
		D2884B5C198BD60500B25288 /* en */ = {isa = PBXFileReference; lastKnownFileType = text.plist.strings; name = en; path = en.lproj/InfoPlist.strings; sourceTree = "<group>"; };
		D2884B5E198BD60500B25288 /* main.m */ = {isa = PBXFileReference; lastKnownFileType = sourcecode.c.objc; path = main.m; sourceTree = "<group>"; };
		D2884B60198BD60500B25288 /* CameraSample-Prefix.pch */ = {isa = PBXFileReference; lastKnownFileType = sourcecode.c.h; path = "CameraSample-Prefix.pch"; sourceTree = "<group>"; };
		D2884B61198BD60500B25288 /* UXFAppDelegate.h */ = {isa = PBXFileReference; lastKnownFileType = sourcecode.c.h; path = UXFAppDelegate.h; sourceTree = "<group>"; };
		D2884B62198BD60500B25288 /* UXFAppDelegate.m */ = {isa = PBXFileReference; lastKnownFileType = sourcecode.c.objc; path = UXFAppDelegate.m; sourceTree = "<group>"; };
		D2884B65198BD60500B25288 /* Base */ = {isa = PBXFileReference; lastKnownFileType = file.storyboard; name = Base; path = Base.lproj/Main.storyboard; sourceTree = "<group>"; };
		D2884B67198BD60500B25288 /* UXFMainViewController.h */ = {isa = PBXFileReference; lastKnownFileType = sourcecode.c.h; path = UXFMainViewController.h; sourceTree = "<group>"; };
		D2884B68198BD60500B25288 /* UXFMainViewController.m */ = {isa = PBXFileReference; lastKnownFileType = sourcecode.c.objc; path = UXFMainViewController.m; sourceTree = "<group>"; };
		D2884B6A198BD60500B25288 /* UXFFlipsideViewController.h */ = {isa = PBXFileReference; lastKnownFileType = sourcecode.c.h; path = UXFFlipsideViewController.h; sourceTree = "<group>"; };
		D2884B6B198BD60500B25288 /* UXFFlipsideViewController.m */ = {isa = PBXFileReference; lastKnownFileType = sourcecode.c.objc; path = UXFFlipsideViewController.m; sourceTree = "<group>"; };
		D2884B6D198BD60500B25288 /* Images.xcassets */ = {isa = PBXFileReference; lastKnownFileType = folder.assetcatalog; path = Images.xcassets; sourceTree = "<group>"; };
		D2884B73198BD60500B25288 /* CameraSampleTests.xctest */ = {isa = PBXFileReference; explicitFileType = wrapper.cfbundle; includeInIndex = 0; path = CameraSampleTests.xctest; sourceTree = BUILT_PRODUCTS_DIR; };
		D2884B74198BD60500B25288 /* XCTest.framework */ = {isa = PBXFileReference; lastKnownFileType = wrapper.framework; name = XCTest.framework; path = Library/Frameworks/XCTest.framework; sourceTree = DEVELOPER_DIR; };
		D2884B7C198BD60500B25288 /* CameraSampleTests-Info.plist */ = {isa = PBXFileReference; lastKnownFileType = text.plist.xml; path = "CameraSampleTests-Info.plist"; sourceTree = "<group>"; };
		D2884B7E198BD60500B25288 /* en */ = {isa = PBXFileReference; lastKnownFileType = text.plist.strings; name = en; path = en.lproj/InfoPlist.strings; sourceTree = "<group>"; };
		D2884B80198BD60500B25288 /* CameraSampleTests.m */ = {isa = PBXFileReference; lastKnownFileType = sourcecode.c.objc; path = CameraSampleTests.m; sourceTree = "<group>"; };
/* End PBXFileReference section */

/* Begin PBXFrameworksBuildPhase section */
		D2884B4C198BD60500B25288 /* Frameworks */ = {
			isa = PBXFrameworksBuildPhase;
			buildActionMask = 2147483647;
			files = (
				D2884B55198BD60500B25288 /* CoreGraphics.framework in Frameworks */,
				D2884B57198BD60500B25288 /* UIKit.framework in Frameworks */,
				D2884B53198BD60500B25288 /* Foundation.framework in Frameworks */,
			);
			runOnlyForDeploymentPostprocessing = 0;
		};
		D2884B70198BD60500B25288 /* Frameworks */ = {
			isa = PBXFrameworksBuildPhase;
			buildActionMask = 2147483647;
			files = (
				D2884B75198BD60500B25288 /* XCTest.framework in Frameworks */,
				D2884B77198BD60500B25288 /* UIKit.framework in Frameworks */,
				D2884B76198BD60500B25288 /* Foundation.framework in Frameworks */,
			);
			runOnlyForDeploymentPostprocessing = 0;
		};
/* End PBXFrameworksBuildPhase section */

/* Begin PBXGroup section */
		D2884B46198BD60500B25288 = {
			isa = PBXGroup;
			children = (
				D2884B58198BD60500B25288 /* CameraSample */,
				D2884B7A198BD60500B25288 /* CameraSampleTests */,
				D2884B51198BD60500B25288 /* Frameworks */,
				D2884B50198BD60500B25288 /* Products */,
			);
			sourceTree = "<group>";
		};
		D2884B50198BD60500B25288 /* Products */ = {
			isa = PBXGroup;
			children = (
				D2884B4F198BD60500B25288 /* CameraSample.app */,
				D2884B73198BD60500B25288 /* CameraSampleTests.xctest */,
			);
			name = Products;
			sourceTree = "<group>";
		};
		D2884B51198BD60500B25288 /* Frameworks */ = {
			isa = PBXGroup;
			children = (
				D2884B52198BD60500B25288 /* Foundation.framework */,
				D2884B54198BD60500B25288 /* CoreGraphics.framework */,
				D2884B56198BD60500B25288 /* UIKit.framework */,
				D2884B74198BD60500B25288 /* XCTest.framework */,
			);
			name = Frameworks;
			sourceTree = "<group>";
		};
		D2884B58198BD60500B25288 /* CameraSample */ = {
			isa = PBXGroup;
			children = (
				D2884B61198BD60500B25288 /* UXFAppDelegate.h */,
				D2884B62198BD60500B25288 /* UXFAppDelegate.m */,
				D2884B64198BD60500B25288 /* Main.storyboard */,
				D2884B67198BD60500B25288 /* UXFMainViewController.h */,
				D2884B68198BD60500B25288 /* UXFMainViewController.m */,
				D2884B6A198BD60500B25288 /* UXFFlipsideViewController.h */,
				D2884B6B198BD60500B25288 /* UXFFlipsideViewController.m */,
				D2884B6D198BD60500B25288 /* Images.xcassets */,
				D2884B59198BD60500B25288 /* Supporting Files */,
			);
			path = CameraSample;
			sourceTree = "<group>";
		};
		D2884B59198BD60500B25288 /* Supporting Files */ = {
			isa = PBXGroup;
			children = (
				D2884B5A198BD60500B25288 /* CameraSample-Info.plist */,
				D2884B5B198BD60500B25288 /* InfoPlist.strings */,
				D2884B5E198BD60500B25288 /* main.m */,
				D2884B60198BD60500B25288 /* CameraSample-Prefix.pch */,
			);
			name = "Supporting Files";
			sourceTree = "<group>";
		};
		D2884B7A198BD60500B25288 /* CameraSampleTests */ = {
			isa = PBXGroup;
			children = (
				D2884B80198BD60500B25288 /* CameraSampleTests.m */,
				D2884B7B198BD60500B25288 /* Supporting Files */,
			);
			path = CameraSampleTests;
			sourceTree = "<group>";
		};
		D2884B7B198BD60500B25288 /* Supporting Files */ = {
			isa = PBXGroup;
			children = (
				D2884B7C198BD60500B25288 /* CameraSampleTests-Info.plist */,
				D2884B7D198BD60500B25288 /* InfoPlist.strings */,
			);
			name = "Supporting Files";
			sourceTree = "<group>";
		};
/* End PBXGroup section */

/* Begin PBXNativeTarget section */
		D2884B4E198BD60500B25288 /* CameraSample */ = {
			isa = PBXNativeTarget;
			buildConfigurationList = D2884B84198BD60500B25288 /* Build configuration list for PBXNativeTarget "CameraSample" */;
			buildPhases = (
				D2884B4B198BD60500B25288 /* Sources */,
				D2884B4C198BD60500B25288 /* Frameworks */,
				D2884B4D198BD60500B25288 /* Resources */,
			);
			buildRules = (
			);
			dependencies = (
			);
			name = CameraSample;
			productName = CameraSample;
			productReference = D2884B4F198BD60500B25288 /* CameraSample.app */;
			productType = "com.apple.product-type.application";
		};
		D2884B72198BD60500B25288 /* CameraSampleTests */ = {
			isa = PBXNativeTarget;
			buildConfigurationList = D2884B87198BD60500B25288 /* Build configuration list for PBXNativeTarget "CameraSampleTests" */;
			buildPhases = (
				D2884B6F198BD60500B25288 /* Sources */,
				D2884B70198BD60500B25288 /* Frameworks */,
				D2884B71198BD60500B25288 /* Resources */,
			);
			buildRules = (
			);
			dependencies = (
				D2884B79198BD60500B25288 /* PBXTargetDependency */,
			);
			name = CameraSampleTests;
			productName = CameraSampleTests;
			productReference = D2884B73198BD60500B25288 /* CameraSampleTests.xctest */;
			productType = "com.apple.product-type.bundle.unit-test";
		};
/* End PBXNativeTarget section */

/* Begin PBXProject section */
		D2884B47198BD60500B25288 /* Project object */ = {
			isa = PBXProject;
			attributes = {
				CLASSPREFIX = UXF;
				LastUpgradeCheck = 0510;
				ORGANIZATIONNAME = "Kawai Takeshi";
				TargetAttributes = {
					D2884B72198BD60500B25288 = {
						TestTargetID = D2884B4E198BD60500B25288;
					};
				};
			};
			buildConfigurationList = D2884B4A198BD60500B25288 /* Build configuration list for PBXProject "CameraSample" */;
			compatibilityVersion = "Xcode 3.2";
			developmentRegion = English;
			hasScannedForEncodings = 0;
			knownRegions = (
				en,
				Base,
			);
			mainGroup = D2884B46198BD60500B25288;
			productRefGroup = D2884B50198BD60500B25288 /* Products */;
			projectDirPath = "";
			projectRoot = "";
			targets = (
				D2884B4E198BD60500B25288 /* CameraSample */,
				D2884B72198BD60500B25288 /* CameraSampleTests */,
			);
		};
/* End PBXProject section */

/* Begin PBXResourcesBuildPhase section */
		D2884B4D198BD60500B25288 /* Resources */ = {
			isa = PBXResourcesBuildPhase;
			buildActionMask = 2147483647;
			files = (
				D2884B6E198BD60500B25288 /* Images.xcassets in Resources */,
				D2884B5D198BD60500B25288 /* InfoPlist.strings in Resources */,
				D2884B66198BD60500B25288 /* Main.storyboard in Resources */,
			);
			runOnlyForDeploymentPostprocessing = 0;
		};
		D2884B71198BD60500B25288 /* Resources */ = {
			isa = PBXResourcesBuildPhase;
			buildActionMask = 2147483647;
			files = (
				D2884B7F198BD60500B25288 /* InfoPlist.strings in Resources */,
			);
			runOnlyForDeploymentPostprocessing = 0;
		};
/* End PBXResourcesBuildPhase section */

/* Begin PBXSourcesBuildPhase section */
		D2884B4B198BD60500B25288 /* Sources */ = {
			isa = PBXSourcesBuildPhase;
			buildActionMask = 2147483647;
			files = (
				D2884B6C198BD60500B25288 /* UXFFlipsideViewController.m in Sources */,
				D2884B63198BD60500B25288 /* UXFAppDelegate.m in Sources */,
				D2884B69198BD60500B25288 /* UXFMainViewController.m in Sources */,
				D2884B5F198BD60500B25288 /* main.m in Sources */,
			);
			runOnlyForDeploymentPostprocessing = 0;
		};
		D2884B6F198BD60500B25288 /* Sources */ = {
			isa = PBXSourcesBuildPhase;
			buildActionMask = 2147483647;
			files = (
				D2884B81198BD60500B25288 /* CameraSampleTests.m in Sources */,
			);
			runOnlyForDeploymentPostprocessing = 0;
		};
/* End PBXSourcesBuildPhase section */

/* Begin PBXTargetDependency section */
		D2884B79198BD60500B25288 /* PBXTargetDependency */ = {
			isa = PBXTargetDependency;
			target = D2884B4E198BD60500B25288 /* CameraSample */;
			targetProxy = D2884B78198BD60500B25288 /* PBXContainerItemProxy */;
		};
/* End PBXTargetDependency section */

/* Begin PBXVariantGroup section */
		D2884B5B198BD60500B25288 /* InfoPlist.strings */ = {
			isa = PBXVariantGroup;
			children = (
				D2884B5C198BD60500B25288 /* en */,
			);
			name = InfoPlist.strings;
			sourceTree = "<group>";
		};
		D2884B64198BD60500B25288 /* Main.storyboard */ = {
			isa = PBXVariantGroup;
			children = (
				D2884B65198BD60500B25288 /* Base */,
			);
			name = Main.storyboard;
			sourceTree = "<group>";
		};
		D2884B7D198BD60500B25288 /* InfoPlist.strings */ = {
			isa = PBXVariantGroup;
			children = (
				D2884B7E198BD60500B25288 /* en */,
			);
			name = InfoPlist.strings;
			sourceTree = "<group>";
		};
/* End PBXVariantGroup section */

/* Begin XCBuildConfiguration section */
		D2884B82198BD60500B25288 /* Debug */ = {
			isa = XCBuildConfiguration;
			buildSettings = {
				ALWAYS_SEARCH_USER_PATHS = NO;
				CLANG_CXX_LANGUAGE_STANDARD = "gnu++0x";
				CLANG_CXX_LIBRARY = "libc++";
				CLANG_ENABLE_MODULES = YES;
				CLANG_ENABLE_OBJC_ARC = YES;
				CLANG_WARN_BOOL_CONVERSION = YES;
				CLANG_WARN_CONSTANT_CONVERSION = YES;
				CLANG_WARN_DIRECT_OBJC_ISA_USAGE = YES_ERROR;
				CLANG_WARN_EMPTY_BODY = YES;
				CLANG_WARN_ENUM_CONVERSION = YES;
				CLANG_WARN_INT_CONVERSION = YES;
				CLANG_WARN_OBJC_ROOT_CLASS = YES_ERROR;
				CLANG_WARN__DUPLICATE_METHOD_MATCH = YES;
				"CODE_SIGN_IDENTITY[sdk=iphoneos*]" = "iPhone Developer";
				COPY_PHASE_STRIP = NO;
				GCC_C_LANGUAGE_STANDARD = gnu99;
				GCC_DYNAMIC_NO_PIC = NO;
				GCC_OPTIMIZATION_LEVEL = 0;
				GCC_PREPROCESSOR_DEFINITIONS = (
					"DEBUG=1",
					"$(inherited)",
				);
				GCC_SYMBOLS_PRIVATE_EXTERN = NO;
				GCC_WARN_64_TO_32_BIT_CONVERSION = YES;
				GCC_WARN_ABOUT_RETURN_TYPE = YES_ERROR;
				GCC_WARN_UNDECLARED_SELECTOR = YES;
				GCC_WARN_UNINITIALIZED_AUTOS = YES_AGGRESSIVE;
				GCC_WARN_UNUSED_FUNCTION = YES;
				GCC_WARN_UNUSED_VARIABLE = YES;
				IPHONEOS_DEPLOYMENT_TARGET = 7.1;
				ONLY_ACTIVE_ARCH = YES;
				SDKROOT = iphoneos;
			};
			name = Debug;
		};
		D2884B83198BD60500B25288 /* Release */ = {
			isa = XCBuildConfiguration;
			buildSettings = {
				ALWAYS_SEARCH_USER_PATHS = NO;
				CLANG_CXX_LANGUAGE_STANDARD = "gnu++0x";
				CLANG_CXX_LIBRARY = "libc++";
				CLANG_ENABLE_MODULES = YES;
				CLANG_ENABLE_OBJC_ARC = YES;
				CLANG_WARN_BOOL_CONVERSION = YES;
				CLANG_WARN_CONSTANT_CONVERSION = YES;
				CLANG_WARN_DIRECT_OBJC_ISA_USAGE = YES_ERROR;
				CLANG_WARN_EMPTY_BODY = YES;
				CLANG_WARN_ENUM_CONVERSION = YES;
				CLANG_WARN_INT_CONVERSION = YES;
				CLANG_WARN_OBJC_ROOT_CLASS = YES_ERROR;
				CLANG_WARN__DUPLICATE_METHOD_MATCH = YES;
				"CODE_SIGN_IDENTITY[sdk=iphoneos*]" = "iPhone Developer";
				COPY_PHASE_STRIP = YES;
				ENABLE_NS_ASSERTIONS = NO;
				GCC_C_LANGUAGE_STANDARD = gnu99;
				GCC_WARN_64_TO_32_BIT_CONVERSION = YES;
				GCC_WARN_ABOUT_RETURN_TYPE = YES_ERROR;
				GCC_WARN_UNDECLARED_SELECTOR = YES;
				GCC_WARN_UNINITIALIZED_AUTOS = YES_AGGRESSIVE;
				GCC_WARN_UNUSED_FUNCTION = YES;
				GCC_WARN_UNUSED_VARIABLE = YES;
				IPHONEOS_DEPLOYMENT_TARGET = 7.1;
				SDKROOT = iphoneos;
				VALIDATE_PRODUCT = YES;
			};
			name = Release;
		};
		D2884B85198BD60500B25288 /* Debug */ = {
			isa = XCBuildConfiguration;
			buildSettings = {
				ASSETCATALOG_COMPILER_APPICON_NAME = AppIcon;
				ASSETCATALOG_COMPILER_LAUNCHIMAGE_NAME = LaunchImage;
				GCC_PRECOMPILE_PREFIX_HEADER = YES;
				GCC_PREFIX_HEADER = "CameraSample/CameraSample-Prefix.pch";
				INFOPLIST_FILE = "CameraSample/CameraSample-Info.plist";
				PRODUCT_NAME = "$(TARGET_NAME)";
				WRAPPER_EXTENSION = app;
			};
			name = Debug;
		};
		D2884B86198BD60500B25288 /* Release */ = {
			isa = XCBuildConfiguration;
			buildSettings = {
				ASSETCATALOG_COMPILER_APPICON_NAME = AppIcon;
				ASSETCATALOG_COMPILER_LAUNCHIMAGE_NAME = LaunchImage;
				GCC_PRECOMPILE_PREFIX_HEADER = YES;
				GCC_PREFIX_HEADER = "CameraSample/CameraSample-Prefix.pch";
				INFOPLIST_FILE = "CameraSample/CameraSample-Info.plist";
				PRODUCT_NAME = "$(TARGET_NAME)";
				WRAPPER_EXTENSION = app;
			};
			name = Release;
		};
		D2884B88198BD60500B25288 /* Debug */ = {
			isa = XCBuildConfiguration;
			buildSettings = {
				BUNDLE_LOADER = "$(BUILT_PRODUCTS_DIR)/CameraSample.app/CameraSample";
				FRAMEWORK_SEARCH_PATHS = (
					"$(SDKROOT)/Developer/Library/Frameworks",
					"$(inherited)",
					"$(DEVELOPER_FRAMEWORKS_DIR)",
				);
				GCC_PRECOMPILE_PREFIX_HEADER = YES;
				GCC_PREFIX_HEADER = "CameraSample/CameraSample-Prefix.pch";
				GCC_PREPROCESSOR_DEFINITIONS = (
					"DEBUG=1",
					"$(inherited)",
				);
				INFOPLIST_FILE = "CameraSampleTests/CameraSampleTests-Info.plist";
				PRODUCT_NAME = "$(TARGET_NAME)";
				TEST_HOST = "$(BUNDLE_LOADER)";
				WRAPPER_EXTENSION = xctest;
			};
			name = Debug;
		};
		D2884B89198BD60500B25288 /* Release */ = {
			isa = XCBuildConfiguration;
			buildSettings = {
				BUNDLE_LOADER = "$(BUILT_PRODUCTS_DIR)/CameraSample.app/CameraSample";
				FRAMEWORK_SEARCH_PATHS = (
					"$(SDKROOT)/Developer/Library/Frameworks",
					"$(inherited)",
					"$(DEVELOPER_FRAMEWORKS_DIR)",
				);
				GCC_PRECOMPILE_PREFIX_HEADER = YES;
				GCC_PREFIX_HEADER = "CameraSample/CameraSample-Prefix.pch";
				INFOPLIST_FILE = "CameraSampleTests/CameraSampleTests-Info.plist";
				PRODUCT_NAME = "$(TARGET_NAME)";
				TEST_HOST = "$(BUNDLE_LOADER)";
				WRAPPER_EXTENSION = xctest;
			};
			name = Release;
		};
/* End XCBuildConfiguration section */

/* Begin XCConfigurationList section */
		D2884B4A198BD60500B25288 /* Build configuration list for PBXProject "CameraSample" */ = {
			isa = XCConfigurationList;
			buildConfigurations = (
				D2884B82198BD60500B25288 /* Debug */,
				D2884B83198BD60500B25288 /* Release */,
			);
			defaultConfigurationIsVisible = 0;
			defaultConfigurationName = Release;
		};
		D2884B84198BD60500B25288 /* Build configuration list for PBXNativeTarget "CameraSample" */ = {
			isa = XCConfigurationList;
			buildConfigurations = (
				D2884B85198BD60500B25288 /* Debug */,
				D2884B86198BD60500B25288 /* Release */,
			);
			defaultConfigurationIsVisible = 0;
		};
		D2884B87198BD60500B25288 /* Build configuration list for PBXNativeTarget "CameraSampleTests" */ = {
			isa = XCConfigurationList;
			buildConfigurations = (
				D2884B88198BD60500B25288 /* Debug */,
				D2884B89198BD60500B25288 /* Release */,
			);
			defaultConfigurationIsVisible = 0;
		};
/* End XCConfigurationList section */
	};
	rootObject = D2884B47198BD60500B25288 /* Project object */;
}
